// !$*UTF8*$!
{
	archiveVersion = 1;
	classes = {
	};
	objectVersion = 46;
	objects = {

/* Begin PBXBuildFile section */
		0764B8FE1ED2E23A0040F138 /* AppDelegate.swift in Sources */ = {isa = PBXBuildFile; fileRef = 0764B8FD1ED2E23A0040F138 /* AppDelegate.swift */; };
		0764B9001ED2E23A0040F138 /* ViewController.swift in Sources */ = {isa = PBXBuildFile; fileRef = 0764B8FF1ED2E23A0040F138 /* ViewController.swift */; };
		0764B9031ED2E23A0040F138 /* Main.storyboard in Resources */ = {isa = PBXBuildFile; fileRef = 0764B9011ED2E23A0040F138 /* Main.storyboard */; };
		0764B9051ED2E23A0040F138 /* Assets.xcassets in Resources */ = {isa = PBXBuildFile; fileRef = 0764B9041ED2E23A0040F138 /* Assets.xcassets */; };
		0764B9081ED2E23A0040F138 /* LaunchScreen.storyboard in Resources */ = {isa = PBXBuildFile; fileRef = 0764B9061ED2E23A0040F138 /* LaunchScreen.storyboard */; };
		0764B9101ED2E25C0040F138 /* zing-mp3.jpg in Resources */ = {isa = PBXBuildFile; fileRef = 0764B90F1ED2E25C0040F138 /* zing-mp3.jpg */; };
/* End PBXBuildFile section */

/* Begin PBXFileReference section */
		0764B8FA1ED2E23A0040F138 /* zingmp3.app */ = {isa = PBXFileReference; explicitFileType = wrapper.application; includeInIndex = 0; path = zingmp3.app; sourceTree = BUILT_PRODUCTS_DIR; };
		0764B8FD1ED2E23A0040F138 /* AppDelegate.swift */ = {isa = PBXFileReference; lastKnownFileType = sourcecode.swift; path = AppDelegate.swift; sourceTree = "<group>"; };
		0764B8FF1ED2E23A0040F138 /* ViewController.swift */ = {isa = PBXFileReference; lastKnownFileType = sourcecode.swift; path = ViewController.swift; sourceTree = "<group>"; };
		0764B9021ED2E23A0040F138 /* Base */ = {isa = PBXFileReference; lastKnownFileType = file.storyboard; name = Base; path = Base.lproj/Main.storyboard; sourceTree = "<group>"; };
		0764B9041ED2E23A0040F138 /* Assets.xcassets */ = {isa = PBXFileReference; lastKnownFileType = folder.assetcatalog; path = Assets.xcassets; sourceTree = "<group>"; };
		0764B9071ED2E23A0040F138 /* Base */ = {isa = PBXFileReference; lastKnownFileType = file.storyboard; name = Base; path = Base.lproj/LaunchScreen.storyboard; sourceTree = "<group>"; };
		0764B9091ED2E23A0040F138 /* Info.plist */ = {isa = PBXFileReference; lastKnownFileType = text.plist.xml; path = Info.plist; sourceTree = "<group>"; };
		0764B90F1ED2E25C0040F138 /* zing-mp3.jpg */ = {isa = PBXFileReference; lastKnownFileType = image.jpeg; path = "zing-mp3.jpg"; sourceTree = "<group>"; };
/* End PBXFileReference section */

/* Begin PBXFrameworksBuildPhase section */
		0764B8F71ED2E23A0040F138 /* Frameworks */ = {
			isa = PBXFrameworksBuildPhase;
			buildActionMask = 2147483647;
			files = (
			);
			runOnlyForDeploymentPostprocessing = 0;
		};
/* End PBXFrameworksBuildPhase section */

/* Begin PBXGroup section */
		0764B8F11ED2E23A0040F138 = {
			isa = PBXGroup;
			children = (
				0764B8FC1ED2E23A0040F138 /* zingmp3 */,
				0764B8FB1ED2E23A0040F138 /* Products */,
			);
			sourceTree = "<group>";
		};
		0764B8FB1ED2E23A0040F138 /* Products */ = {
			isa = PBXGroup;
			children = (
				0764B8FA1ED2E23A0040F138 /* zingmp3.app */,
			);
			name = Products;
			sourceTree = "<group>";
		};
		0764B8FC1ED2E23A0040F138 /* zingmp3 */ = {
			isa = PBXGroup;
			children = (
				0764B8FD1ED2E23A0040F138 /* AppDelegate.swift */,
				0764B90F1ED2E25C0040F138 /* zing-mp3.jpg */,
				0764B8FF1ED2E23A0040F138 /* ViewController.swift */,
				0764B9011ED2E23A0040F138 /* Main.storyboard */,
				0764B9041ED2E23A0040F138 /* Assets.xcassets */,
				0764B9061ED2E23A0040F138 /* LaunchScreen.storyboard */,
				0764B9091ED2E23A0040F138 /* Info.plist */,
			);
			path = zingmp3;
			sourceTree = "<group>";
		};
/* End PBXGroup section */

/* Begin PBXNativeTarget section */
		0764B8F91ED2E23A0040F138 /* zingmp3 */ = {
			isa = PBXNativeTarget;
			buildConfigurationList = 0764B90C1ED2E23A0040F138 /* Build configuration list for PBXNativeTarget "zingmp3" */;
			buildPhases = (
				0764B8F61ED2E23A0040F138 /* Sources */,
				0764B8F71ED2E23A0040F138 /* Frameworks */,
				0764B8F81ED2E23A0040F138 /* Resources */,
			);
			buildRules = (
			);
			dependencies = (
			);
			name = zingmp3;
			productName = zingmp3;
			productReference = 0764B8FA1ED2E23A0040F138 /* zingmp3.app */;
			productType = "com.apple.product-type.application";
		};
/* End PBXNativeTarget section */

/* Begin PBXProject section */
		0764B8F21ED2E23A0040F138 /* Project object */ = {
			isa = PBXProject;
			attributes = {
				LastSwiftUpdateCheck = 0810;
				LastUpgradeCheck = 0810;
				ORGANIZATIONNAME = "Kien Nguyen";
				TargetAttributes = {
					0764B8F91ED2E23A0040F138 = {
						CreatedOnToolsVersion = 8.1;
						DevelopmentTeam = MJ777Q76VF;
						ProvisioningStyle = Automatic;
					};
				};
			};
			buildConfigurationList = 0764B8F51ED2E23A0040F138 /* Build configuration list for PBXProject "zingmp3" */;
			compatibilityVersion = "Xcode 3.2";
			developmentRegion = English;
			hasScannedForEncodings = 0;
			knownRegions = (
				en,
				Base,
			);
			mainGroup = 0764B8F11ED2E23A0040F138;
			productRefGroup = 0764B8FB1ED2E23A0040F138 /* Products */;
			projectDirPath = "";
			projectRoot = "";
			targets = (
				0764B8F91ED2E23A0040F138 /* zingmp3 */,
			);
		};
/* End PBXProject section */

/* Begin PBXResourcesBuildPhase section */
		0764B8F81ED2E23A0040F138 /* Resources */ = {
			isa = PBXResourcesBuildPhase;
			buildActionMask = 2147483647;
			files = (
				0764B9101ED2E25C0040F138 /* zing-mp3.jpg in Resources */,
				0764B9081ED2E23A0040F138 /* LaunchScreen.storyboard in Resources */,
				0764B9051ED2E23A0040F138 /* Assets.xcassets in Resources */,
				0764B9031ED2E23A0040F138 /* Main.storyboard in Resources */,
			);
			runOnlyForDeploymentPostprocessing = 0;
		};
/* End PBXResourcesBuildPhase section */

/* Begin PBXSourcesBuildPhase section */
		0764B8F61ED2E23A0040F138 /* Sources */ = {
			isa = PBXSourcesBuildPhase;
			buildActionMask = 2147483647;
			files = (
				0764B9001ED2E23A0040F138 /* ViewController.swift in Sources */,
				0764B8FE1ED2E23A0040F138 /* AppDelegate.swift in Sources */,
			);
			runOnlyForDeploymentPostprocessing = 0;
		};
/* End PBXSourcesBuildPhase section */

/* Begin PBXVariantGroup section */
		0764B9011ED2E23A0040F138 /* Main.storyboard */ = {
			isa = PBXVariantGroup;
			children = (
				0764B9021ED2E23A0040F138 /* Base */,
			);
			name = Main.storyboard;
			sourceTree = "<group>";
		};
		0764B9061ED2E23A0040F138 /* LaunchScreen.storyboard */ = {
			isa = PBXVariantGroup;
			children = (
				0764B9071ED2E23A0040F138 /* Base */,
			);
			name = LaunchScreen.storyboard;
			sourceTree = "<group>";
		};
/* End PBXVariantGroup section */

/* Begin XCBuildConfiguration section */
		0764B90A1ED2E23A0040F138 /* Debug */ = {
			isa = XCBuildConfiguration;
			buildSettings = {
				ALWAYS_SEARCH_USER_PATHS = NO;
				CLANG_ANALYZER_NONNULL = YES;
				CLANG_CXX_LANGUAGE_STANDARD = "gnu++0x";
				CLANG_CXX_LIBRARY = "libc++";
				CLANG_ENABLE_MODULES = YES;
				CLANG_ENABLE_OBJC_ARC = YES;
				CLANG_WARN_BOOL_CONVERSION = YES;
				CLANG_WARN_CONSTANT_CONVERSION = YES;
				CLANG_WARN_DIRECT_OBJC_ISA_USAGE = YES_ERROR;
				CLANG_WARN_DOCUMENTATION_COMMENTS = YES;
				CLANG_WARN_EMPTY_BODY = YES;
				CLANG_WARN_ENUM_CONVERSION = YES;
				CLANG_WARN_INFINITE_RECURSION = YES;
				CLANG_WARN_INT_CONVERSION = YES;
				CLANG_WARN_OBJC_ROOT_CLASS = YES_ERROR;
				CLANG_WARN_SUSPICIOUS_MOVES = YES;
				CLANG_WARN_UNREACHABLE_CODE = YES;
				CLANG_WARN__DUPLICATE_METHOD_MATCH = YES;
				"CODE_SIGN_IDENTITY[sdk=iphoneos*]" = "iPhone Developer";
				COPY_PHASE_STRIP = NO;
				DEBUG_INFORMATION_FORMAT = dwarf;
				ENABLE_STRICT_OBJC_MSGSEND = YES;
				ENABLE_TESTABILITY = YES;
				GCC_C_LANGUAGE_STANDARD = gnu99;
				GCC_DYNAMIC_NO_PIC = NO;
				GCC_NO_COMMON_BLOCKS = YES;
				GCC_OPTIMIZATION_LEVEL = 0;
				GCC_PREPROCESSOR_DEFINITIONS = (
					"DEBUG=1",
					"$(inherited)",
				);
				GCC_WARN_64_TO_32_BIT_CONVERSION = YES;
				GCC_WARN_ABOUT_RETURN_TYPE = YES_ERROR;
				GCC_WARN_UNDECLARED_SELECTOR = YES;
				GCC_WARN_UNINITIALIZED_AUTOS = YES_AGGRESSIVE;
				GCC_WARN_UNUSED_FUNCTION = YES;
				GCC_WARN_UNUSED_VARIABLE = YES;
				IPHONEOS_DEPLOYMENT_TARGET = 10.1;
				MTL_ENABLE_DEBUG_INFO = YES;
				ONLY_ACTIVE_ARCH = YES;
				SDKROOT = iphoneos;
				SWIFT_ACTIVE_COMPILATION_CONDITIONS = DEBUG;
				SWIFT_OPTIMIZATION_LEVEL = "-Onone";
			};
			name = Debug;
		};
		0764B90B1ED2E23A0040F138 /* Release */ = {
			isa = XCBuildConfiguration;
			buildSettings = {
				ALWAYS_SEARCH_USER_PATHS = NO;
				CLANG_ANALYZER_NONNULL = YES;
				CLANG_CXX_LANGUAGE_STANDARD = "gnu++0x";
				CLANG_CXX_LIBRARY = "libc++";
				CLANG_ENABLE_MODULES = YES;
				CLANG_ENABLE_OBJC_ARC = YES;
				CLANG_WARN_BOOL_CONVERSION = YES;
				CLANG_WARN_CONSTANT_CONVERSION = YES;
				CLANG_WARN_DIRECT_OBJC_ISA_USAGE = YES_ERROR;
				CLANG_WARN_DOCUMENTATION_COMMENTS = YES;
				CLANG_WARN_EMPTY_BODY = YES;
				CLANG_WARN_ENUM_CONVERSION = YES;
				CLANG_WARN_INFINITE_RECURSION = YES;
				CLANG_WARN_INT_CONVERSION = YES;
				CLANG_WARN_OBJC_ROOT_CLASS = YES_ERROR;
				CLANG_WARN_SUSPICIOUS_MOVES = YES;
				CLANG_WARN_UNREACHABLE_CODE = YES;
				CLANG_WARN__DUPLICATE_METHOD_MATCH = YES;
				"CODE_SIGN_IDENTITY[sdk=iphoneos*]" = "iPhone Developer";
				COPY_PHASE_STRIP = NO;
				DEBUG_INFORMATION_FORMAT = "dwarf-with-dsym";
				ENABLE_NS_ASSERTIONS = NO;
				ENABLE_STRICT_OBJC_MSGSEND = YES;
				GCC_C_LANGUAGE_STANDARD = gnu99;
				GCC_NO_COMMON_BLOCKS = YES;
				GCC_WARN_64_TO_32_BIT_CONVERSION = YES;
				GCC_WARN_ABOUT_RETURN_TYPE = YES_ERROR;
				GCC_WARN_UNDECLARED_SELECTOR = YES;
				GCC_WARN_UNINITIALIZED_AUTOS = YES_AGGRESSIVE;
				GCC_WARN_UNUSED_FUNCTION = YES;
				GCC_WARN_UNUSED_VARIABLE = YES;
				IPHONEOS_DEPLOYMENT_TARGET = 10.1;
				MTL_ENABLE_DEBUG_INFO = NO;
				SDKROOT = iphoneos;
				SWIFT_OPTIMIZATION_LEVEL = "-Owholemodule";
				VALIDATE_PRODUCT = YES;
			};
			name = Release;
		};
		0764B90D1ED2E23A0040F138 /* Debug */ = {
			isa = XCBuildConfiguration;
			buildSettings = {
				ASSETCATALOG_COMPILER_APPICON_NAME = AppIcon;
				DEVELOPMENT_TEAM = MJ777Q76VF;
				INFOPLIST_FILE = zingmp3/Info.plist;
				LD_RUNPATH_SEARCH_PATHS = "$(inherited) @executable_path/Frameworks";
				PRODUCT_BUNDLE_IDENTIFIER = nguyenduckien.zingmp3;
				PRODUCT_NAME = "$(TARGET_NAME)";
				SWIFT_VERSION = 3.0;
			};
			name = Debug;
		};
		0764B90E1ED2E23A0040F138 /* Release */ = {
			isa = XCBuildConfiguration;
			buildSettings = {
				ASSETCATALOG_COMPILER_APPICON_NAME = AppIcon;
				DEVELOPMENT_TEAM = MJ777Q76VF;
				INFOPLIST_FILE = zingmp3/Info.plist;
				LD_RUNPATH_SEARCH_PATHS = "$(inherited) @executable_path/Frameworks";
				PRODUCT_BUNDLE_IDENTIFIER = nguyenduckien.zingmp3;
				PRODUCT_NAME = "$(TARGET_NAME)";
				SWIFT_VERSION = 3.0;
			};
			name = Release;
		};
/* End XCBuildConfiguration section */

/* Begin XCConfigurationList section */
		0764B8F51ED2E23A0040F138 /* Build configuration list for PBXProject "zingmp3" */ = {
			isa = XCConfigurationList;
			buildConfigurations = (
				0764B90A1ED2E23A0040F138 /* Debug */,
				0764B90B1ED2E23A0040F138 /* Release */,
			);
			defaultConfigurationIsVisible = 0;
			defaultConfigurationName = Release;
		};
		0764B90C1ED2E23A0040F138 /* Build configuration list for PBXNativeTarget "zingmp3" */ = {
			isa = XCConfigurationList;
			buildConfigurations = (
				0764B90D1ED2E23A0040F138 /* Debug */,
				0764B90E1ED2E23A0040F138 /* Release */,
			);
			defaultConfigurationIsVisible = 0;
		};
/* End XCConfigurationList section */
	};
	rootObject = 0764B8F21ED2E23A0040F138 /* Project object */;
}
